<?xml version="1.0" encoding="utf-8"?>
<Project ToolsVersion="4.0" xmlns="http://schemas.microsoft.com/developer/msbuild/2003">
  <ItemGroup>
    <Filter Include="Source Files">
      <UniqueIdentifier>{0b8c680f-54dc-4159-91de-2ffd296f358d}</UniqueIdentifier>
    </Filter>
    <Filter Include="Header Files">
      <UniqueIdentifier>{93995380-89BD-4b04-88EB-625FBE52EBFB}</UniqueIdentifier>
      <Extensions>h;hpp;hxx;hm;inl;inc;xsd</Extensions>
    </Filter>
    <Filter Include="Resource Files">
      <UniqueIdentifier>{67DA6AB6-F800-4c08-8B7A-83BB121AAD01}</UniqueIdentifier>
      <Extensions>rc;ico;cur;bmp;dlg;rc2;rct;bin;rgs;gif;jpg;jpeg;jpe;resx;tiff;tif;png;wav</Extensions>
    </Filter>
  </ItemGroup>
  <ItemGroup>
    <ClCompile Include="Compressor.cpp">
      <Filter>Source Files</Filter>
    </ClCompile>
    <ClCompile Include="Errout.cpp">
      <Filter>Source Files</Filter>
    </ClCompile>
    <ClCompile Include="MovementGenerator.cpp">
      <Filter>Source Files</Filter>
    </ClCompile>
    <ClCompile Include="SectionedFile.cpp">
      <Filter>Source Files</Filter>
    </ClCompile>
    <ClCompile Include="StdIO_SectionedFile.cpp">
      <Filter>Source Files</Filter>
    </ClCompile>
    <ClCompile Include="VASTUtil.cpp">
      <Filter>Source Files</Filter>
    </ClCompile>
    <ClCompile Include="VoronoiSF.cpp">
      <Filter>Source Files</Filter>
    </ClCompile>
    <ClCompile Include="VoronoiSFAlgorithm.cpp">
      <Filter>Source Files</Filter>
    </ClCompile>
  </ItemGroup>
  <ItemGroup>
    <ClInclude Include="ClusterMovement.h">
      <Filter>Header Files</Filter>
    </ClInclude>
    <ClInclude Include="Config.h">
      <Filter>Header Files</Filter>
    </ClInclude>
    <ClInclude Include="GroupMovement.h">
      <Filter>Header Files</Filter>
    </ClInclude>
    <ClInclude Include="Movement.h">
      <Filter>Header Files</Filter>
    </ClInclude>
    <ClInclude Include="RandomMovement.h">
      <Filter>Header Files</Filter>
    </ClInclude>
    <ClInclude Include="VASTBuffer.h">
      <Filter>Header Files</Filter>
    </ClInclude>
    <ClInclude Include="VASTTypes.h">
      <Filter>Header Files</Filter>
    </ClInclude>
    <ClInclude Include="VASTUtil.h">
      <Filter>Header Files</Filter>
    </ClInclude>
    <ClInclude Include="Voronoi.h">
      <Filter>Header Files</Filter>
    </ClInclude>
    <ClInclude Include="VoronoiSF.h">
      <Filter>Header Files</Filter>
    </ClInclude>
    <ClInclude Include="VoronoiSFAlgorithm.h">
      <Filter>Header Files</Filter>
    </ClInclude>
  </ItemGroup>
</Project>