Microsoft Visual Studio Solution File, Format Version 11.00
# Visual Studio 2010
Project("{8BC9CEB8-8B4A-11D0-8D11-00A0C91BC942}") = "ALL_BUILD", ".\ALL_BUILD.vcxproj", "{5A9BD046-AB8F-4A66-B2A6-E678FB886A35}"
	ProjectSection(ProjectDependencies) = postProject
		{D0D7241A-5034-4643-996E-8CCB51D4B3B4} = {D0D7241A-5034-4643-996E-8CCB51D4B3B4}
		{96BD8004-E6C6-485E-83EF-F177EFCEB42F} = {96BD8004-E6C6-485E-83EF-F177EFCEB42F}
		{6EDD50A8-0422-42B5-B3BF-CF6962C6450B} = {6EDD50A8-0422-42B5-B3BF-CF6962C6450B}
		{4DE8DB92-745F-47BB-8D6B-7FB2B2904464} = {4DE8DB92-745F-47BB-8D6B-7FB2B2904464}
		{A45A8FF0-1ADC-4B46-9204-D0FCCA416A17} = {A45A8FF0-1ADC-4B46-9204-D0FCCA416A17}
	EndProjectSection
EndProject
Project("{8BC9CEB8-8B4A-11D0-8D11-00A0C91BC942}") = "ALURE32", ".\ALURE32.vcxproj", "{D0D7241A-5034-4643-996E-8CCB51D4B3B4}"
	ProjectSection(ProjectDependencies) = postProject
		{6EDD50A8-0422-42B5-B3BF-CF6962C6450B} = {6EDD50A8-0422-42B5-B3BF-CF6962C6450B}
	EndProjectSection
EndProject
Project("{8BC9CEB8-8B4A-11D0-8D11-00A0C91BC942}") = "ALURE32-static", ".\ALURE32-static.vcxproj", "{96BD8004-E6C6-485E-83EF-F177EFCEB42F}"
	ProjectSection(ProjectDependencies) = postProject
		{6EDD50A8-0422-42B5-B3BF-CF6962C6450B} = {6EDD50A8-0422-42B5-B3BF-CF6962C6450B}
	EndProjectSection
EndProject
Project("{8BC9CEB8-8B4A-11D0-8D11-00A0C91BC942}") = "INSTALL", ".\INSTALL.vcxproj", "{BB186C4D-DC8D-49B8-B2AD-D8211318A715}"
	ProjectSection(ProjectDependencies) = postProject
		{5A9BD046-AB8F-4A66-B2A6-E678FB886A35} = {5A9BD046-AB8F-4A66-B2A6-E678FB886A35}
	EndProjectSection
EndProject
Project("{8BC9CEB8-8B4A-11D0-8D11-00A0C91BC942}") = "ZERO_CHECK", ".\ZERO_CHECK.vcxproj", "{6EDD50A8-0422-42B5-B3BF-CF6962C6450B}"
	ProjectSection(ProjectDependencies) = postProject
	EndProjectSection
EndProject
Project("{8BC9CEB8-8B4A-11D0-8D11-00A0C91BC942}") = "alureplay", ".\alureplay.vcxproj", "{4DE8DB92-745F-47BB-8D6B-7FB2B2904464}"
	ProjectSection(ProjectDependencies) = postProject
		{D0D7241A-5034-4643-996E-8CCB51D4B3B4} = {D0D7241A-5034-4643-996E-8CCB51D4B3B4}
		{6EDD50A8-0422-42B5-B3BF-CF6962C6450B} = {6EDD50A8-0422-42B5-B3BF-CF6962C6450B}
	EndProjectSection
EndProject
Project("{8BC9CEB8-8B4A-11D0-8D11-00A0C91BC942}") = "alurestream", ".\alurestream.vcxproj", "{A45A8FF0-1ADC-4B46-9204-D0FCCA416A17}"
	ProjectSection(ProjectDependencies) = postProject
		{D0D7241A-5034-4643-996E-8CCB51D4B3B4} = {D0D7241A-5034-4643-996E-8CCB51D4B3B4}
		{6EDD50A8-0422-42B5-B3BF-CF6962C6450B} = {6EDD50A8-0422-42B5-B3BF-CF6962C6450B}
	EndProjectSection
EndProject
Global
	GlobalSection(SolutionConfigurationPlatforms) = preSolution
		Debug|Win32 = Debug|Win32
		Release|Win32 = Release|Win32
		MinSizeRel|Win32 = MinSizeRel|Win32
		RelWithDebInfo|Win32 = RelWithDebInfo|Win32
	EndGlobalSection
	GlobalSection(ProjectConfigurationPlatforms) = postSolution
		{5A9BD046-AB8F-4A66-B2A6-E678FB886A35}.Debug|Win32.ActiveCfg = Debug|Win32
		{5A9BD046-AB8F-4A66-B2A6-E678FB886A35}.Debug|Win32.Build.0 = Debug|Win32
		{5A9BD046-AB8F-4A66-B2A6-E678FB886A35}.Release|Win32.ActiveCfg = Release|Win32
		{5A9BD046-AB8F-4A66-B2A6-E678FB886A35}.Release|Win32.Build.0 = Release|Win32
		{5A9BD046-AB8F-4A66-B2A6-E678FB886A35}.MinSizeRel|Win32.ActiveCfg = MinSizeRel|Win32
		{5A9BD046-AB8F-4A66-B2A6-E678FB886A35}.MinSizeRel|Win32.Build.0 = MinSizeRel|Win32
		{5A9BD046-AB8F-4A66-B2A6-E678FB886A35}.RelWithDebInfo|Win32.ActiveCfg = RelWithDebInfo|Win32
		{5A9BD046-AB8F-4A66-B2A6-E678FB886A35}.RelWithDebInfo|Win32.Build.0 = RelWithDebInfo|Win32
		{D0D7241A-5034-4643-996E-8CCB51D4B3B4}.Debug|Win32.ActiveCfg = Debug|Win32
		{D0D7241A-5034-4643-996E-8CCB51D4B3B4}.Debug|Win32.Build.0 = Debug|Win32
		{D0D7241A-5034-4643-996E-8CCB51D4B3B4}.Release|Win32.ActiveCfg = Release|Win32
		{D0D7241A-5034-4643-996E-8CCB51D4B3B4}.Release|Win32.Build.0 = Release|Win32
		{D0D7241A-5034-4643-996E-8CCB51D4B3B4}.MinSizeRel|Win32.ActiveCfg = MinSizeRel|Win32
		{D0D7241A-5034-4643-996E-8CCB51D4B3B4}.MinSizeRel|Win32.Build.0 = MinSizeRel|Win32
		{D0D7241A-5034-4643-996E-8CCB51D4B3B4}.RelWithDebInfo|Win32.ActiveCfg = RelWithDebInfo|Win32
		{D0D7241A-5034-4643-996E-8CCB51D4B3B4}.RelWithDebInfo|Win32.Build.0 = RelWithDebInfo|Win32
		{96BD8004-E6C6-485E-83EF-F177EFCEB42F}.Debug|Win32.ActiveCfg = Debug|Win32
		{96BD8004-E6C6-485E-83EF-F177EFCEB42F}.Debug|Win32.Build.0 = Debug|Win32
		{96BD8004-E6C6-485E-83EF-F177EFCEB42F}.Release|Win32.ActiveCfg = Release|Win32
		{96BD8004-E6C6-485E-83EF-F177EFCEB42F}.Release|Win32.Build.0 = Release|Win32
		{96BD8004-E6C6-485E-83EF-F177EFCEB42F}.MinSizeRel|Win32.ActiveCfg = MinSizeRel|Win32
		{96BD8004-E6C6-485E-83EF-F177EFCEB42F}.MinSizeRel|Win32.Build.0 = MinSizeRel|Win32
		{96BD8004-E6C6-485E-83EF-F177EFCEB42F}.RelWithDebInfo|Win32.ActiveCfg = RelWithDebInfo|Win32
		{96BD8004-E6C6-485E-83EF-F177EFCEB42F}.RelWithDebInfo|Win32.Build.0 = RelWithDebInfo|Win32
		{BB186C4D-DC8D-49B8-B2AD-D8211318A715}.Debug|Win32.ActiveCfg = Debug|Win32
		{BB186C4D-DC8D-49B8-B2AD-D8211318A715}.Release|Win32.ActiveCfg = Release|Win32
		{BB186C4D-DC8D-49B8-B2AD-D8211318A715}.MinSizeRel|Win32.ActiveCfg = MinSizeRel|Win32
		{BB186C4D-DC8D-49B8-B2AD-D8211318A715}.RelWithDebInfo|Win32.ActiveCfg = RelWithDebInfo|Win32
		{6EDD50A8-0422-42B5-B3BF-CF6962C6450B}.Debug|Win32.ActiveCfg = Debug|Win32
		{6EDD50A8-0422-42B5-B3BF-CF6962C6450B}.Debug|Win32.Build.0 = Debug|Win32
		{6EDD50A8-0422-42B5-B3BF-CF6962C6450B}.Release|Win32.ActiveCfg = Release|Win32
		{6EDD50A8-0422-42B5-B3BF-CF6962C6450B}.Release|Win32.Build.0 = Release|Win32
		{6EDD50A8-0422-42B5-B3BF-CF6962C6450B}.MinSizeRel|Win32.ActiveCfg = MinSizeRel|Win32
		{6EDD50A8-0422-42B5-B3BF-CF6962C6450B}.MinSizeRel|Win32.Build.0 = MinSizeRel|Win32
		{6EDD50A8-0422-42B5-B3BF-CF6962C6450B}.RelWithDebInfo|Win32.ActiveCfg = RelWithDebInfo|Win32
		{6EDD50A8-0422-42B5-B3BF-CF6962C6450B}.RelWithDebInfo|Win32.Build.0 = RelWithDebInfo|Win32
		{4DE8DB92-745F-47BB-8D6B-7FB2B2904464}.Debug|Win32.ActiveCfg = Debug|Win32
		{4DE8DB92-745F-47BB-8D6B-7FB2B2904464}.Debug|Win32.Build.0 = Debug|Win32
		{4DE8DB92-745F-47BB-8D6B-7FB2B2904464}.Release|Win32.ActiveCfg = Release|Win32
		{4DE8DB92-745F-47BB-8D6B-7FB2B2904464}.Release|Win32.Build.0 = Release|Win32
		{4DE8DB92-745F-47BB-8D6B-7FB2B2904464}.MinSizeRel|Win32.ActiveCfg = MinSizeRel|Win32
		{4DE8DB92-745F-47BB-8D6B-7FB2B2904464}.MinSizeRel|Win32.Build.0 = MinSizeRel|Win32
		{4DE8DB92-745F-47BB-8D6B-7FB2B2904464}.RelWithDebInfo|Win32.ActiveCfg = RelWithDebInfo|Win32
		{4DE8DB92-745F-47BB-8D6B-7FB2B2904464}.RelWithDebInfo|Win32.Build.0 = RelWithDebInfo|Win32
		{A45A8FF0-1ADC-4B46-9204-D0FCCA416A17}.Debug|Win32.ActiveCfg = Debug|Win32
		{A45A8FF0-1ADC-4B46-9204-D0FCCA416A17}.Debug|Win32.Build.0 = Debug|Win32
		{A45A8FF0-1ADC-4B46-9204-D0FCCA416A17}.Release|Win32.ActiveCfg = Release|Win32
		{A45A8FF0-1ADC-4B46-9204-D0FCCA416A17}.Release|Win32.Build.0 = Release|Win32
		{A45A8FF0-1ADC-4B46-9204-D0FCCA416A17}.MinSizeRel|Win32.ActiveCfg = MinSizeRel|Win32
		{A45A8FF0-1ADC-4B46-9204-D0FCCA416A17}.MinSizeRel|Win32.Build.0 = MinSizeRel|Win32
		{A45A8FF0-1ADC-4B46-9204-D0FCCA416A17}.RelWithDebInfo|Win32.ActiveCfg = RelWithDebInfo|Win32
		{A45A8FF0-1ADC-4B46-9204-D0FCCA416A17}.RelWithDebInfo|Win32.Build.0 = RelWithDebInfo|Win32
	EndGlobalSection
	GlobalSection(ExtensibilityGlobals) = postSolution
	EndGlobalSection
	GlobalSection(ExtensibilityAddIns) = postSolution
	EndGlobalSection
EndGlobal
