
Microsoft Visual Studio Solution File, Format Version 9.00
# Visual Studio 2005
# $Id: VC8WorkspaceCreator.pm 1456 2008-07-18 16:05:54Z elliott_c $
#
# This file was generated by MPC.  Any changes made directly to
# this file will be lost the next time it is generated.
#
# MPC Command:
# /export/anduriltmp/bczar/DOC_ROOT/stage-29650/ACE_wrappers/bin/mwc.pl -type vc8 -recurse -hierarchy -relative ACE_ROOT=/export/anduriltmp/bczar/DOC_ROOT/stage-29650/ACE_wrappers -relative TAO_ROOT=/export/anduriltmp/bczar/DOC_ROOT/stage-29650/ACE_wrappers/TAO -relative CIAO_ROOT=/export/anduriltmp/bczar/DOC_ROOT/stage-29650/ACE_wrappers/TAO/CIAO -name_modifier "*_vc8_WinCE" -features uses_wchar=1,wince=1 -value_template "platforms="Pocket PC 2003 (ARMV4)"" -value_template "platforms+="Smartphone 2003 (ARMV4)"" -value_template "platforms+="Windows Mobile 5.0 Pocket PC SDK (ARMV4I)"" -value_template "platforms+="Windows Mobile 5.0 Smartphone SDK (ARMV4I)"" -value_template "platforms+="Windows Mobile 6 Standard SDK (ARMV4I)"" -value_template "platforms+="Windows Mobile 6 Professional SDK (ARMV4I)""
Project("{8BC9CEB8-8B4A-11D0-8D11-00A0C91BC942}") = "ACE", "ACE_vc8_WinCE.vcproj", "{79DA3C35-FECA-1BAD-6757-8A6348D36148}"
EndProject
Project("{8BC9CEB8-8B4A-11D0-8D11-00A0C91BC942}") = "ACE_ETCL_Parser", "ETCL\ACE_ETCL_Parser_vc8_WinCE.vcproj", "{88B03938-FECA-1BAD-007E-8A6714AF8D4A}"
	ProjectSection(ProjectDependencies) = postProject
		{79DA3C35-FECA-1BAD-6757-8A6348D36148} = {79DA3C35-FECA-1BAD-6757-8A6348D36148}
		{096E6CE0-FECA-1BAD-007E-8A6714AF8D4A} = {096E6CE0-FECA-1BAD-007E-8A6714AF8D4A}
	EndProjectSection
EndProject
Project("{8BC9CEB8-8B4A-11D0-8D11-00A0C91BC942}") = "ACE_ETCL", "ETCL\ACE_ETCL_vc8_WinCE.vcproj", "{096E6CE0-FECA-1BAD-007E-8A6714AF8D4A}"
	ProjectSection(ProjectDependencies) = postProject
		{79DA3C35-FECA-1BAD-6757-8A6348D36148} = {79DA3C35-FECA-1BAD-6757-8A6348D36148}
	EndProjectSection
EndProject
Project("{8BC9CEB8-8B4A-11D0-8D11-00A0C91BC942}") = "QoS", "QoS\QoS_vc8_WinCE.vcproj", "{79DB1155-FECA-1BAD-7781-8A63614AEF70}"
	ProjectSection(ProjectDependencies) = postProject
		{79DA3C35-FECA-1BAD-6757-8A6348D36148} = {79DA3C35-FECA-1BAD-6757-8A6348D36148}
	EndProjectSection
EndProject
Global
	GlobalSection(SolutionConfigurationPlatforms) = preSolution
		Debug|Pocket PC 2003 (ARMV4) = Debug|Pocket PC 2003 (ARMV4)
		Debug|Smartphone 2003 (ARMV4) = Debug|Smartphone 2003 (ARMV4)
		Debug|Windows Mobile 5.0 Pocket PC SDK (ARMV4I) = Debug|Windows Mobile 5.0 Pocket PC SDK (ARMV4I)
		Debug|Windows Mobile 5.0 Smartphone SDK (ARMV4I) = Debug|Windows Mobile 5.0 Smartphone SDK (ARMV4I)
		Debug|Windows Mobile 6 Professional SDK (ARMV4I) = Debug|Windows Mobile 6 Professional SDK (ARMV4I)
		Debug|Windows Mobile 6 Standard SDK (ARMV4I) = Debug|Windows Mobile 6 Standard SDK (ARMV4I)
		Release|Pocket PC 2003 (ARMV4) = Release|Pocket PC 2003 (ARMV4)
		Release|Smartphone 2003 (ARMV4) = Release|Smartphone 2003 (ARMV4)
		Release|Windows Mobile 5.0 Pocket PC SDK (ARMV4I) = Release|Windows Mobile 5.0 Pocket PC SDK (ARMV4I)
		Release|Windows Mobile 5.0 Smartphone SDK (ARMV4I) = Release|Windows Mobile 5.0 Smartphone SDK (ARMV4I)
		Release|Windows Mobile 6 Professional SDK (ARMV4I) = Release|Windows Mobile 6 Professional SDK (ARMV4I)
		Release|Windows Mobile 6 Standard SDK (ARMV4I) = Release|Windows Mobile 6 Standard SDK (ARMV4I)
	EndGlobalSection
	GlobalSection(ProjectConfigurationPlatforms) = postSolution
		{79DA3C35-FECA-1BAD-6757-8A6348D36148}.Debug|Pocket PC 2003 (ARMV4).ActiveCfg = Debug|Pocket PC 2003 (ARMV4)
		{79DA3C35-FECA-1BAD-6757-8A6348D36148}.Debug|Pocket PC 2003 (ARMV4).Build.0 = Debug|Pocket PC 2003 (ARMV4)
		{79DA3C35-FECA-1BAD-6757-8A6348D36148}.Debug|Pocket PC 2003 (ARMV4).Deploy.0 = Debug|Pocket PC 2003 (ARMV4)
		{79DA3C35-FECA-1BAD-6757-8A6348D36148}.Debug|Smartphone 2003 (ARMV4).ActiveCfg = Debug|Smartphone 2003 (ARMV4)
		{79DA3C35-FECA-1BAD-6757-8A6348D36148}.Debug|Smartphone 2003 (ARMV4).Build.0 = Debug|Smartphone 2003 (ARMV4)
		{79DA3C35-FECA-1BAD-6757-8A6348D36148}.Debug|Smartphone 2003 (ARMV4).Deploy.0 = Debug|Smartphone 2003 (ARMV4)
		{79DA3C35-FECA-1BAD-6757-8A6348D36148}.Debug|Windows Mobile 5.0 Pocket PC SDK (ARMV4I).ActiveCfg = Debug|Windows Mobile 5.0 Pocket PC SDK (ARMV4I)
		{79DA3C35-FECA-1BAD-6757-8A6348D36148}.Debug|Windows Mobile 5.0 Pocket PC SDK (ARMV4I).Build.0 = Debug|Windows Mobile 5.0 Pocket PC SDK (ARMV4I)
		{79DA3C35-FECA-1BAD-6757-8A6348D36148}.Debug|Windows Mobile 5.0 Pocket PC SDK (ARMV4I).Deploy.0 = Debug|Windows Mobile 5.0 Pocket PC SDK (ARMV4I)
		{79DA3C35-FECA-1BAD-6757-8A6348D36148}.Debug|Windows Mobile 5.0 Smartphone SDK (ARMV4I).ActiveCfg = Debug|Windows Mobile 5.0 Smartphone SDK (ARMV4I)
		{79DA3C35-FECA-1BAD-6757-8A6348D36148}.Debug|Windows Mobile 5.0 Smartphone SDK (ARMV4I).Build.0 = Debug|Windows Mobile 5.0 Smartphone SDK (ARMV4I)
		{79DA3C35-FECA-1BAD-6757-8A6348D36148}.Debug|Windows Mobile 5.0 Smartphone SDK (ARMV4I).Deploy.0 = Debug|Windows Mobile 5.0 Smartphone SDK (ARMV4I)
		{79DA3C35-FECA-1BAD-6757-8A6348D36148}.Debug|Windows Mobile 6 Professional SDK (ARMV4I).ActiveCfg = Debug|Windows Mobile 6 Professional SDK (ARMV4I)
		{79DA3C35-FECA-1BAD-6757-8A6348D36148}.Debug|Windows Mobile 6 Professional SDK (ARMV4I).Build.0 = Debug|Windows Mobile 6 Professional SDK (ARMV4I)
		{79DA3C35-FECA-1BAD-6757-8A6348D36148}.Debug|Windows Mobile 6 Professional SDK (ARMV4I).Deploy.0 = Debug|Windows Mobile 6 Professional SDK (ARMV4I)
		{79DA3C35-FECA-1BAD-6757-8A6348D36148}.Debug|Windows Mobile 6 Standard SDK (ARMV4I).ActiveCfg = Debug|Windows Mobile 6 Standard SDK (ARMV4I)
		{79DA3C35-FECA-1BAD-6757-8A6348D36148}.Debug|Windows Mobile 6 Standard SDK (ARMV4I).Build.0 = Debug|Windows Mobile 6 Standard SDK (ARMV4I)
		{79DA3C35-FECA-1BAD-6757-8A6348D36148}.Debug|Windows Mobile 6 Standard SDK (ARMV4I).Deploy.0 = Debug|Windows Mobile 6 Standard SDK (ARMV4I)
		{79DA3C35-FECA-1BAD-6757-8A6348D36148}.Release|Pocket PC 2003 (ARMV4).ActiveCfg = Release|Pocket PC 2003 (ARMV4)
		{79DA3C35-FECA-1BAD-6757-8A6348D36148}.Release|Pocket PC 2003 (ARMV4).Build.0 = Release|Pocket PC 2003 (ARMV4)
		{79DA3C35-FECA-1BAD-6757-8A6348D36148}.Release|Pocket PC 2003 (ARMV4).Deploy.0 = Release|Pocket PC 2003 (ARMV4)
		{79DA3C35-FECA-1BAD-6757-8A6348D36148}.Release|Smartphone 2003 (ARMV4).ActiveCfg = Release|Smartphone 2003 (ARMV4)
		{79DA3C35-FECA-1BAD-6757-8A6348D36148}.Release|Smartphone 2003 (ARMV4).Build.0 = Release|Smartphone 2003 (ARMV4)
		{79DA3C35-FECA-1BAD-6757-8A6348D36148}.Release|Smartphone 2003 (ARMV4).Deploy.0 = Release|Smartphone 2003 (ARMV4)
		{79DA3C35-FECA-1BAD-6757-8A6348D36148}.Release|Windows Mobile 5.0 Pocket PC SDK (ARMV4I).ActiveCfg = Release|Windows Mobile 5.0 Pocket PC SDK (ARMV4I)
		{79DA3C35-FECA-1BAD-6757-8A6348D36148}.Release|Windows Mobile 5.0 Pocket PC SDK (ARMV4I).Build.0 = Release|Windows Mobile 5.0 Pocket PC SDK (ARMV4I)
		{79DA3C35-FECA-1BAD-6757-8A6348D36148}.Release|Windows Mobile 5.0 Pocket PC SDK (ARMV4I).Deploy.0 = Release|Windows Mobile 5.0 Pocket PC SDK (ARMV4I)
		{79DA3C35-FECA-1BAD-6757-8A6348D36148}.Release|Windows Mobile 5.0 Smartphone SDK (ARMV4I).ActiveCfg = Release|Windows Mobile 5.0 Smartphone SDK (ARMV4I)
		{79DA3C35-FECA-1BAD-6757-8A6348D36148}.Release|Windows Mobile 5.0 Smartphone SDK (ARMV4I).Build.0 = Release|Windows Mobile 5.0 Smartphone SDK (ARMV4I)
		{79DA3C35-FECA-1BAD-6757-8A6348D36148}.Release|Windows Mobile 5.0 Smartphone SDK (ARMV4I).Deploy.0 = Release|Windows Mobile 5.0 Smartphone SDK (ARMV4I)
		{79DA3C35-FECA-1BAD-6757-8A6348D36148}.Release|Windows Mobile 6 Professional SDK (ARMV4I).ActiveCfg = Release|Windows Mobile 6 Professional SDK (ARMV4I)
		{79DA3C35-FECA-1BAD-6757-8A6348D36148}.Release|Windows Mobile 6 Professional SDK (ARMV4I).Build.0 = Release|Windows Mobile 6 Professional SDK (ARMV4I)
		{79DA3C35-FECA-1BAD-6757-8A6348D36148}.Release|Windows Mobile 6 Professional SDK (ARMV4I).Deploy.0 = Release|Windows Mobile 6 Professional SDK (ARMV4I)
		{79DA3C35-FECA-1BAD-6757-8A6348D36148}.Release|Windows Mobile 6 Standard SDK (ARMV4I).ActiveCfg = Release|Windows Mobile 6 Standard SDK (ARMV4I)
		{79DA3C35-FECA-1BAD-6757-8A6348D36148}.Release|Windows Mobile 6 Standard SDK (ARMV4I).Build.0 = Release|Windows Mobile 6 Standard SDK (ARMV4I)
		{79DA3C35-FECA-1BAD-6757-8A6348D36148}.Release|Windows Mobile 6 Standard SDK (ARMV4I).Deploy.0 = Release|Windows Mobile 6 Standard SDK (ARMV4I)
		{88B03938-FECA-1BAD-007E-8A6714AF8D4A}.Debug|Pocket PC 2003 (ARMV4).ActiveCfg = Debug|Pocket PC 2003 (ARMV4)
		{88B03938-FECA-1BAD-007E-8A6714AF8D4A}.Debug|Pocket PC 2003 (ARMV4).Build.0 = Debug|Pocket PC 2003 (ARMV4)
		{88B03938-FECA-1BAD-007E-8A6714AF8D4A}.Debug|Pocket PC 2003 (ARMV4).Deploy.0 = Debug|Pocket PC 2003 (ARMV4)
		{88B03938-FECA-1BAD-007E-8A6714AF8D4A}.Debug|Smartphone 2003 (ARMV4).ActiveCfg = Debug|Smartphone 2003 (ARMV4)
		{88B03938-FECA-1BAD-007E-8A6714AF8D4A}.Debug|Smartphone 2003 (ARMV4).Build.0 = Debug|Smartphone 2003 (ARMV4)
		{88B03938-FECA-1BAD-007E-8A6714AF8D4A}.Debug|Smartphone 2003 (ARMV4).Deploy.0 = Debug|Smartphone 2003 (ARMV4)
		{88B03938-FECA-1BAD-007E-8A6714AF8D4A}.Debug|Windows Mobile 5.0 Pocket PC SDK (ARMV4I).ActiveCfg = Debug|Windows Mobile 5.0 Pocket PC SDK (ARMV4I)
		{88B03938-FECA-1BAD-007E-8A6714AF8D4A}.Debug|Windows Mobile 5.0 Pocket PC SDK (ARMV4I).Build.0 = Debug|Windows Mobile 5.0 Pocket PC SDK (ARMV4I)
		{88B03938-FECA-1BAD-007E-8A6714AF8D4A}.Debug|Windows Mobile 5.0 Pocket PC SDK (ARMV4I).Deploy.0 = Debug|Windows Mobile 5.0 Pocket PC SDK (ARMV4I)
		{88B03938-FECA-1BAD-007E-8A6714AF8D4A}.Debug|Windows Mobile 5.0 Smartphone SDK (ARMV4I).ActiveCfg = Debug|Windows Mobile 5.0 Smartphone SDK (ARMV4I)
		{88B03938-FECA-1BAD-007E-8A6714AF8D4A}.Debug|Windows Mobile 5.0 Smartphone SDK (ARMV4I).Build.0 = Debug|Windows Mobile 5.0 Smartphone SDK (ARMV4I)
		{88B03938-FECA-1BAD-007E-8A6714AF8D4A}.Debug|Windows Mobile 5.0 Smartphone SDK (ARMV4I).Deploy.0 = Debug|Windows Mobile 5.0 Smartphone SDK (ARMV4I)
		{88B03938-FECA-1BAD-007E-8A6714AF8D4A}.Debug|Windows Mobile 6 Professional SDK (ARMV4I).ActiveCfg = Debug|Windows Mobile 6 Professional SDK (ARMV4I)
		{88B03938-FECA-1BAD-007E-8A6714AF8D4A}.Debug|Windows Mobile 6 Professional SDK (ARMV4I).Build.0 = Debug|Windows Mobile 6 Professional SDK (ARMV4I)
		{88B03938-FECA-1BAD-007E-8A6714AF8D4A}.Debug|Windows Mobile 6 Professional SDK (ARMV4I).Deploy.0 = Debug|Windows Mobile 6 Professional SDK (ARMV4I)
		{88B03938-FECA-1BAD-007E-8A6714AF8D4A}.Debug|Windows Mobile 6 Standard SDK (ARMV4I).ActiveCfg = Debug|Windows Mobile 6 Standard SDK (ARMV4I)
		{88B03938-FECA-1BAD-007E-8A6714AF8D4A}.Debug|Windows Mobile 6 Standard SDK (ARMV4I).Build.0 = Debug|Windows Mobile 6 Standard SDK (ARMV4I)
		{88B03938-FECA-1BAD-007E-8A6714AF8D4A}.Debug|Windows Mobile 6 Standard SDK (ARMV4I).Deploy.0 = Debug|Windows Mobile 6 Standard SDK (ARMV4I)
		{88B03938-FECA-1BAD-007E-8A6714AF8D4A}.Release|Pocket PC 2003 (ARMV4).ActiveCfg = Release|Pocket PC 2003 (ARMV4)
		{88B03938-FECA-1BAD-007E-8A6714AF8D4A}.Release|Pocket PC 2003 (ARMV4).Build.0 = Release|Pocket PC 2003 (ARMV4)
		{88B03938-FECA-1BAD-007E-8A6714AF8D4A}.Release|Pocket PC 2003 (ARMV4).Deploy.0 = Release|Pocket PC 2003 (ARMV4)
		{88B03938-FECA-1BAD-007E-8A6714AF8D4A}.Release|Smartphone 2003 (ARMV4).ActiveCfg = Release|Smartphone 2003 (ARMV4)
		{88B03938-FECA-1BAD-007E-8A6714AF8D4A}.Release|Smartphone 2003 (ARMV4).Build.0 = Release|Smartphone 2003 (ARMV4)
		{88B03938-FECA-1BAD-007E-8A6714AF8D4A}.Release|Smartphone 2003 (ARMV4).Deploy.0 = Release|Smartphone 2003 (ARMV4)
		{88B03938-FECA-1BAD-007E-8A6714AF8D4A}.Release|Windows Mobile 5.0 Pocket PC SDK (ARMV4I).ActiveCfg = Release|Windows Mobile 5.0 Pocket PC SDK (ARMV4I)
		{88B03938-FECA-1BAD-007E-8A6714AF8D4A}.Release|Windows Mobile 5.0 Pocket PC SDK (ARMV4I).Build.0 = Release|Windows Mobile 5.0 Pocket PC SDK (ARMV4I)
		{88B03938-FECA-1BAD-007E-8A6714AF8D4A}.Release|Windows Mobile 5.0 Pocket PC SDK (ARMV4I).Deploy.0 = Release|Windows Mobile 5.0 Pocket PC SDK (ARMV4I)
		{88B03938-FECA-1BAD-007E-8A6714AF8D4A}.Release|Windows Mobile 5.0 Smartphone SDK (ARMV4I).ActiveCfg = Release|Windows Mobile 5.0 Smartphone SDK (ARMV4I)
		{88B03938-FECA-1BAD-007E-8A6714AF8D4A}.Release|Windows Mobile 5.0 Smartphone SDK (ARMV4I).Build.0 = Release|Windows Mobile 5.0 Smartphone SDK (ARMV4I)
		{88B03938-FECA-1BAD-007E-8A6714AF8D4A}.Release|Windows Mobile 5.0 Smartphone SDK (ARMV4I).Deploy.0 = Release|Windows Mobile 5.0 Smartphone SDK (ARMV4I)
		{88B03938-FECA-1BAD-007E-8A6714AF8D4A}.Release|Windows Mobile 6 Professional SDK (ARMV4I).ActiveCfg = Release|Windows Mobile 6 Professional SDK (ARMV4I)
		{88B03938-FECA-1BAD-007E-8A6714AF8D4A}.Release|Windows Mobile 6 Professional SDK (ARMV4I).Build.0 = Release|Windows Mobile 6 Professional SDK (ARMV4I)
		{88B03938-FECA-1BAD-007E-8A6714AF8D4A}.Release|Windows Mobile 6 Professional SDK (ARMV4I).Deploy.0 = Release|Windows Mobile 6 Professional SDK (ARMV4I)
		{88B03938-FECA-1BAD-007E-8A6714AF8D4A}.Release|Windows Mobile 6 Standard SDK (ARMV4I).ActiveCfg = Release|Windows Mobile 6 Standard SDK (ARMV4I)
		{88B03938-FECA-1BAD-007E-8A6714AF8D4A}.Release|Windows Mobile 6 Standard SDK (ARMV4I).Build.0 = Release|Windows Mobile 6 Standard SDK (ARMV4I)
		{88B03938-FECA-1BAD-007E-8A6714AF8D4A}.Release|Windows Mobile 6 Standard SDK (ARMV4I).Deploy.0 = Release|Windows Mobile 6 Standard SDK (ARMV4I)
		{096E6CE0-FECA-1BAD-007E-8A6714AF8D4A}.Debug|Pocket PC 2003 (ARMV4).ActiveCfg = Debug|Pocket PC 2003 (ARMV4)
		{096E6CE0-FECA-1BAD-007E-8A6714AF8D4A}.Debug|Pocket PC 2003 (ARMV4).Build.0 = Debug|Pocket PC 2003 (ARMV4)
		{096E6CE0-FECA-1BAD-007E-8A6714AF8D4A}.Debug|Pocket PC 2003 (ARMV4).Deploy.0 = Debug|Pocket PC 2003 (ARMV4)
		{096E6CE0-FECA-1BAD-007E-8A6714AF8D4A}.Debug|Smartphone 2003 (ARMV4).ActiveCfg = Debug|Smartphone 2003 (ARMV4)
		{096E6CE0-FECA-1BAD-007E-8A6714AF8D4A}.Debug|Smartphone 2003 (ARMV4).Build.0 = Debug|Smartphone 2003 (ARMV4)
		{096E6CE0-FECA-1BAD-007E-8A6714AF8D4A}.Debug|Smartphone 2003 (ARMV4).Deploy.0 = Debug|Smartphone 2003 (ARMV4)
		{096E6CE0-FECA-1BAD-007E-8A6714AF8D4A}.Debug|Windows Mobile 5.0 Pocket PC SDK (ARMV4I).ActiveCfg = Debug|Windows Mobile 5.0 Pocket PC SDK (ARMV4I)
		{096E6CE0-FECA-1BAD-007E-8A6714AF8D4A}.Debug|Windows Mobile 5.0 Pocket PC SDK (ARMV4I).Build.0 = Debug|Windows Mobile 5.0 Pocket PC SDK (ARMV4I)
		{096E6CE0-FECA-1BAD-007E-8A6714AF8D4A}.Debug|Windows Mobile 5.0 Pocket PC SDK (ARMV4I).Deploy.0 = Debug|Windows Mobile 5.0 Pocket PC SDK (ARMV4I)
		{096E6CE0-FECA-1BAD-007E-8A6714AF8D4A}.Debug|Windows Mobile 5.0 Smartphone SDK (ARMV4I).ActiveCfg = Debug|Windows Mobile 5.0 Smartphone SDK (ARMV4I)
		{096E6CE0-FECA-1BAD-007E-8A6714AF8D4A}.Debug|Windows Mobile 5.0 Smartphone SDK (ARMV4I).Build.0 = Debug|Windows Mobile 5.0 Smartphone SDK (ARMV4I)
		{096E6CE0-FECA-1BAD-007E-8A6714AF8D4A}.Debug|Windows Mobile 5.0 Smartphone SDK (ARMV4I).Deploy.0 = Debug|Windows Mobile 5.0 Smartphone SDK (ARMV4I)
		{096E6CE0-FECA-1BAD-007E-8A6714AF8D4A}.Debug|Windows Mobile 6 Professional SDK (ARMV4I).ActiveCfg = Debug|Windows Mobile 6 Professional SDK (ARMV4I)
		{096E6CE0-FECA-1BAD-007E-8A6714AF8D4A}.Debug|Windows Mobile 6 Professional SDK (ARMV4I).Build.0 = Debug|Windows Mobile 6 Professional SDK (ARMV4I)
		{096E6CE0-FECA-1BAD-007E-8A6714AF8D4A}.Debug|Windows Mobile 6 Professional SDK (ARMV4I).Deploy.0 = Debug|Windows Mobile 6 Professional SDK (ARMV4I)
		{096E6CE0-FECA-1BAD-007E-8A6714AF8D4A}.Debug|Windows Mobile 6 Standard SDK (ARMV4I).ActiveCfg = Debug|Windows Mobile 6 Standard SDK (ARMV4I)
		{096E6CE0-FECA-1BAD-007E-8A6714AF8D4A}.Debug|Windows Mobile 6 Standard SDK (ARMV4I).Build.0 = Debug|Windows Mobile 6 Standard SDK (ARMV4I)
		{096E6CE0-FECA-1BAD-007E-8A6714AF8D4A}.Debug|Windows Mobile 6 Standard SDK (ARMV4I).Deploy.0 = Debug|Windows Mobile 6 Standard SDK (ARMV4I)
		{096E6CE0-FECA-1BAD-007E-8A6714AF8D4A}.Release|Pocket PC 2003 (ARMV4).ActiveCfg = Release|Pocket PC 2003 (ARMV4)
		{096E6CE0-FECA-1BAD-007E-8A6714AF8D4A}.Release|Pocket PC 2003 (ARMV4).Build.0 = Release|Pocket PC 2003 (ARMV4)
		{096E6CE0-FECA-1BAD-007E-8A6714AF8D4A}.Release|Pocket PC 2003 (ARMV4).Deploy.0 = Release|Pocket PC 2003 (ARMV4)
		{096E6CE0-FECA-1BAD-007E-8A6714AF8D4A}.Release|Smartphone 2003 (ARMV4).ActiveCfg = Release|Smartphone 2003 (ARMV4)
		{096E6CE0-FECA-1BAD-007E-8A6714AF8D4A}.Release|Smartphone 2003 (ARMV4).Build.0 = Release|Smartphone 2003 (ARMV4)
		{096E6CE0-FECA-1BAD-007E-8A6714AF8D4A}.Release|Smartphone 2003 (ARMV4).Deploy.0 = Release|Smartphone 2003 (ARMV4)
		{096E6CE0-FECA-1BAD-007E-8A6714AF8D4A}.Release|Windows Mobile 5.0 Pocket PC SDK (ARMV4I).ActiveCfg = Release|Windows Mobile 5.0 Pocket PC SDK (ARMV4I)
		{096E6CE0-FECA-1BAD-007E-8A6714AF8D4A}.Release|Windows Mobile 5.0 Pocket PC SDK (ARMV4I).Build.0 = Release|Windows Mobile 5.0 Pocket PC SDK (ARMV4I)
		{096E6CE0-FECA-1BAD-007E-8A6714AF8D4A}.Release|Windows Mobile 5.0 Pocket PC SDK (ARMV4I).Deploy.0 = Release|Windows Mobile 5.0 Pocket PC SDK (ARMV4I)
		{096E6CE0-FECA-1BAD-007E-8A6714AF8D4A}.Release|Windows Mobile 5.0 Smartphone SDK (ARMV4I).ActiveCfg = Release|Windows Mobile 5.0 Smartphone SDK (ARMV4I)
		{096E6CE0-FECA-1BAD-007E-8A6714AF8D4A}.Release|Windows Mobile 5.0 Smartphone SDK (ARMV4I).Build.0 = Release|Windows Mobile 5.0 Smartphone SDK (ARMV4I)
		{096E6CE0-FECA-1BAD-007E-8A6714AF8D4A}.Release|Windows Mobile 5.0 Smartphone SDK (ARMV4I).Deploy.0 = Release|Windows Mobile 5.0 Smartphone SDK (ARMV4I)
		{096E6CE0-FECA-1BAD-007E-8A6714AF8D4A}.Release|Windows Mobile 6 Professional SDK (ARMV4I).ActiveCfg = Release|Windows Mobile 6 Professional SDK (ARMV4I)
		{096E6CE0-FECA-1BAD-007E-8A6714AF8D4A}.Release|Windows Mobile 6 Professional SDK (ARMV4I).Build.0 = Release|Windows Mobile 6 Professional SDK (ARMV4I)
		{096E6CE0-FECA-1BAD-007E-8A6714AF8D4A}.Release|Windows Mobile 6 Professional SDK (ARMV4I).Deploy.0 = Release|Windows Mobile 6 Professional SDK (ARMV4I)
		{096E6CE0-FECA-1BAD-007E-8A6714AF8D4A}.Release|Windows Mobile 6 Standard SDK (ARMV4I).ActiveCfg = Release|Windows Mobile 6 Standard SDK (ARMV4I)
		{096E6CE0-FECA-1BAD-007E-8A6714AF8D4A}.Release|Windows Mobile 6 Standard SDK (ARMV4I).Build.0 = Release|Windows Mobile 6 Standard SDK (ARMV4I)
		{096E6CE0-FECA-1BAD-007E-8A6714AF8D4A}.Release|Windows Mobile 6 Standard SDK (ARMV4I).Deploy.0 = Release|Windows Mobile 6 Standard SDK (ARMV4I)
		{79DB1155-FECA-1BAD-7781-8A63614AEF70}.Debug|Pocket PC 2003 (ARMV4).ActiveCfg = Debug|Pocket PC 2003 (ARMV4)
		{79DB1155-FECA-1BAD-7781-8A63614AEF70}.Debug|Pocket PC 2003 (ARMV4).Build.0 = Debug|Pocket PC 2003 (ARMV4)
		{79DB1155-FECA-1BAD-7781-8A63614AEF70}.Debug|Pocket PC 2003 (ARMV4).Deploy.0 = Debug|Pocket PC 2003 (ARMV4)
		{79DB1155-FECA-1BAD-7781-8A63614AEF70}.Debug|Smartphone 2003 (ARMV4).ActiveCfg = Debug|Smartphone 2003 (ARMV4)
		{79DB1155-FECA-1BAD-7781-8A63614AEF70}.Debug|Smartphone 2003 (ARMV4).Build.0 = Debug|Smartphone 2003 (ARMV4)
		{79DB1155-FECA-1BAD-7781-8A63614AEF70}.Debug|Smartphone 2003 (ARMV4).Deploy.0 = Debug|Smartphone 2003 (ARMV4)
		{79DB1155-FECA-1BAD-7781-8A63614AEF70}.Debug|Windows Mobile 5.0 Pocket PC SDK (ARMV4I).ActiveCfg = Debug|Windows Mobile 5.0 Pocket PC SDK (ARMV4I)
		{79DB1155-FECA-1BAD-7781-8A63614AEF70}.Debug|Windows Mobile 5.0 Pocket PC SDK (ARMV4I).Build.0 = Debug|Windows Mobile 5.0 Pocket PC SDK (ARMV4I)
		{79DB1155-FECA-1BAD-7781-8A63614AEF70}.Debug|Windows Mobile 5.0 Pocket PC SDK (ARMV4I).Deploy.0 = Debug|Windows Mobile 5.0 Pocket PC SDK (ARMV4I)
		{79DB1155-FECA-1BAD-7781-8A63614AEF70}.Debug|Windows Mobile 5.0 Smartphone SDK (ARMV4I).ActiveCfg = Debug|Windows Mobile 5.0 Smartphone SDK (ARMV4I)
		{79DB1155-FECA-1BAD-7781-8A63614AEF70}.Debug|Windows Mobile 5.0 Smartphone SDK (ARMV4I).Build.0 = Debug|Windows Mobile 5.0 Smartphone SDK (ARMV4I)
		{79DB1155-FECA-1BAD-7781-8A63614AEF70}.Debug|Windows Mobile 5.0 Smartphone SDK (ARMV4I).Deploy.0 = Debug|Windows Mobile 5.0 Smartphone SDK (ARMV4I)
		{79DB1155-FECA-1BAD-7781-8A63614AEF70}.Debug|Windows Mobile 6 Professional SDK (ARMV4I).ActiveCfg = Debug|Windows Mobile 6 Professional SDK (ARMV4I)
		{79DB1155-FECA-1BAD-7781-8A63614AEF70}.Debug|Windows Mobile 6 Professional SDK (ARMV4I).Build.0 = Debug|Windows Mobile 6 Professional SDK (ARMV4I)
		{79DB1155-FECA-1BAD-7781-8A63614AEF70}.Debug|Windows Mobile 6 Professional SDK (ARMV4I).Deploy.0 = Debug|Windows Mobile 6 Professional SDK (ARMV4I)
		{79DB1155-FECA-1BAD-7781-8A63614AEF70}.Debug|Windows Mobile 6 Standard SDK (ARMV4I).ActiveCfg = Debug|Windows Mobile 6 Standard SDK (ARMV4I)
		{79DB1155-FECA-1BAD-7781-8A63614AEF70}.Debug|Windows Mobile 6 Standard SDK (ARMV4I).Build.0 = Debug|Windows Mobile 6 Standard SDK (ARMV4I)
		{79DB1155-FECA-1BAD-7781-8A63614AEF70}.Debug|Windows Mobile 6 Standard SDK (ARMV4I).Deploy.0 = Debug|Windows Mobile 6 Standard SDK (ARMV4I)
		{79DB1155-FECA-1BAD-7781-8A63614AEF70}.Release|Pocket PC 2003 (ARMV4).ActiveCfg = Release|Pocket PC 2003 (ARMV4)
		{79DB1155-FECA-1BAD-7781-8A63614AEF70}.Release|Pocket PC 2003 (ARMV4).Build.0 = Release|Pocket PC 2003 (ARMV4)
		{79DB1155-FECA-1BAD-7781-8A63614AEF70}.Release|Pocket PC 2003 (ARMV4).Deploy.0 = Release|Pocket PC 2003 (ARMV4)
		{79DB1155-FECA-1BAD-7781-8A63614AEF70}.Release|Smartphone 2003 (ARMV4).ActiveCfg = Release|Smartphone 2003 (ARMV4)
		{79DB1155-FECA-1BAD-7781-8A63614AEF70}.Release|Smartphone 2003 (ARMV4).Build.0 = Release|Smartphone 2003 (ARMV4)
		{79DB1155-FECA-1BAD-7781-8A63614AEF70}.Release|Smartphone 2003 (ARMV4).Deploy.0 = Release|Smartphone 2003 (ARMV4)
		{79DB1155-FECA-1BAD-7781-8A63614AEF70}.Release|Windows Mobile 5.0 Pocket PC SDK (ARMV4I).ActiveCfg = Release|Windows Mobile 5.0 Pocket PC SDK (ARMV4I)
		{79DB1155-FECA-1BAD-7781-8A63614AEF70}.Release|Windows Mobile 5.0 Pocket PC SDK (ARMV4I).Build.0 = Release|Windows Mobile 5.0 Pocket PC SDK (ARMV4I)
		{79DB1155-FECA-1BAD-7781-8A63614AEF70}.Release|Windows Mobile 5.0 Pocket PC SDK (ARMV4I).Deploy.0 = Release|Windows Mobile 5.0 Pocket PC SDK (ARMV4I)
		{79DB1155-FECA-1BAD-7781-8A63614AEF70}.Release|Windows Mobile 5.0 Smartphone SDK (ARMV4I).ActiveCfg = Release|Windows Mobile 5.0 Smartphone SDK (ARMV4I)
		{79DB1155-FECA-1BAD-7781-8A63614AEF70}.Release|Windows Mobile 5.0 Smartphone SDK (ARMV4I).Build.0 = Release|Windows Mobile 5.0 Smartphone SDK (ARMV4I)
		{79DB1155-FECA-1BAD-7781-8A63614AEF70}.Release|Windows Mobile 5.0 Smartphone SDK (ARMV4I).Deploy.0 = Release|Windows Mobile 5.0 Smartphone SDK (ARMV4I)
		{79DB1155-FECA-1BAD-7781-8A63614AEF70}.Release|Windows Mobile 6 Professional SDK (ARMV4I).ActiveCfg = Release|Windows Mobile 6 Professional SDK (ARMV4I)
		{79DB1155-FECA-1BAD-7781-8A63614AEF70}.Release|Windows Mobile 6 Professional SDK (ARMV4I).Build.0 = Release|Windows Mobile 6 Professional SDK (ARMV4I)
		{79DB1155-FECA-1BAD-7781-8A63614AEF70}.Release|Windows Mobile 6 Professional SDK (ARMV4I).Deploy.0 = Release|Windows Mobile 6 Professional SDK (ARMV4I)
		{79DB1155-FECA-1BAD-7781-8A63614AEF70}.Release|Windows Mobile 6 Standard SDK (ARMV4I).ActiveCfg = Release|Windows Mobile 6 Standard SDK (ARMV4I)
		{79DB1155-FECA-1BAD-7781-8A63614AEF70}.Release|Windows Mobile 6 Standard SDK (ARMV4I).Build.0 = Release|Windows Mobile 6 Standard SDK (ARMV4I)
		{79DB1155-FECA-1BAD-7781-8A63614AEF70}.Release|Windows Mobile 6 Standard SDK (ARMV4I).Deploy.0 = Release|Windows Mobile 6 Standard SDK (ARMV4I)
	EndGlobalSection
	GlobalSection(SolutionProperties) = preSolution
		HideSolutionNode = FALSE
	EndGlobalSection
EndGlobal
