
Microsoft Visual Studio Solution File, Format Version 9.00
# Visual Studio 2005
# $Id: VC8WorkspaceCreator.pm 1456 2008-07-18 16:05:54Z elliott_c $
#
# This file was generated by MPC.  Any changes made directly to
# this file will be lost the next time it is generated.
#
# MPC Command:
# /export/anduriltmp/bczar/DOC_ROOT/stage-29650/ACE_wrappers/bin/mwc.pl -type vc8 -static -name_modifier "*_vc8_Static" -apply_project -exclude TAO/CIAO -recurse -hierarchy -relative ACE_ROOT=/export/anduriltmp/bczar/DOC_ROOT/stage-29650/ACE_wrappers -relative TAO_ROOT=/export/anduriltmp/bczar/DOC_ROOT/stage-29650/ACE_wrappers/TAO -relative CIAO_ROOT=/export/anduriltmp/bczar/DOC_ROOT/stage-29650/ACE_wrappers/TAO/CIAO
Project("{8BC9CEB8-8B4A-11D0-8D11-00A0C91BC942}") = "ACE_vc8_Static", "ACE_vc8_Static.vcproj", "{14E52235-FECA-1BAD-6757-8A6348D36148}"
EndProject
Project("{8BC9CEB8-8B4A-11D0-8D11-00A0C91BC942}") = "ACE_ETCL_Parser_vc8_Static", "ETCL\ACE_ETCL_Parser_vc8_Static.vcproj", "{024572EA-FECA-1BAD-007E-8A6714AF8D4A}"
	ProjectSection(ProjectDependencies) = postProject
		{14E52235-FECA-1BAD-6757-8A6348D36148} = {14E52235-FECA-1BAD-6757-8A6348D36148}
		{1FA02F62-FECA-1BAD-007E-8A6714AF8D4A} = {1FA02F62-FECA-1BAD-007E-8A6714AF8D4A}
	EndProjectSection
EndProject
Project("{8BC9CEB8-8B4A-11D0-8D11-00A0C91BC942}") = "ACE_ETCL_vc8_Static", "ETCL\ACE_ETCL_vc8_Static.vcproj", "{1FA02F62-FECA-1BAD-007E-8A6714AF8D4A}"
	ProjectSection(ProjectDependencies) = postProject
		{14E52235-FECA-1BAD-6757-8A6348D36148} = {14E52235-FECA-1BAD-6757-8A6348D36148}
	EndProjectSection
EndProject
Project("{8BC9CEB8-8B4A-11D0-8D11-00A0C91BC942}") = "Monitor_Control_vc8_Static", "Monitor_Control\Monitor_Control_vc8_Static.vcproj", "{15764CCB-FECA-1BAD-D619-746246D2B751}"
	ProjectSection(ProjectDependencies) = postProject
		{14E52235-FECA-1BAD-6757-8A6348D36148} = {14E52235-FECA-1BAD-6757-8A6348D36148}
		{1FA02F62-FECA-1BAD-007E-8A6714AF8D4A} = {1FA02F62-FECA-1BAD-007E-8A6714AF8D4A}
		{024572EA-FECA-1BAD-007E-8A6714AF8D4A} = {024572EA-FECA-1BAD-007E-8A6714AF8D4A}
	EndProjectSection
EndProject
Project("{8BC9CEB8-8B4A-11D0-8D11-00A0C91BC942}") = "QoS_vc8_Static", "QoS\QoS_vc8_Static.vcproj", "{14F7F435-FECA-1BAD-7781-8A63614AEF70}"
	ProjectSection(ProjectDependencies) = postProject
		{14E52235-FECA-1BAD-6757-8A6348D36148} = {14E52235-FECA-1BAD-6757-8A6348D36148}
	EndProjectSection
EndProject
Global
	GlobalSection(SolutionConfigurationPlatforms) = preSolution
		Debug|Win32 = Debug|Win32
		Debug|x64 = Debug|x64
		Release|Win32 = Release|Win32
		Release|x64 = Release|x64
	EndGlobalSection
	GlobalSection(ProjectConfigurationPlatforms) = postSolution
		{14E52235-FECA-1BAD-6757-8A6348D36148}.Debug|Win32.ActiveCfg = Debug|Win32
		{14E52235-FECA-1BAD-6757-8A6348D36148}.Debug|Win32.Build.0 = Debug|Win32
		{14E52235-FECA-1BAD-6757-8A6348D36148}.Debug|x64.ActiveCfg = Debug|x64
		{14E52235-FECA-1BAD-6757-8A6348D36148}.Debug|x64.Build.0 = Debug|x64
		{14E52235-FECA-1BAD-6757-8A6348D36148}.Release|Win32.ActiveCfg = Release|Win32
		{14E52235-FECA-1BAD-6757-8A6348D36148}.Release|Win32.Build.0 = Release|Win32
		{14E52235-FECA-1BAD-6757-8A6348D36148}.Release|x64.ActiveCfg = Release|x64
		{14E52235-FECA-1BAD-6757-8A6348D36148}.Release|x64.Build.0 = Release|x64
		{024572EA-FECA-1BAD-007E-8A6714AF8D4A}.Debug|Win32.ActiveCfg = Debug|Win32
		{024572EA-FECA-1BAD-007E-8A6714AF8D4A}.Debug|Win32.Build.0 = Debug|Win32
		{024572EA-FECA-1BAD-007E-8A6714AF8D4A}.Debug|x64.ActiveCfg = Debug|x64
		{024572EA-FECA-1BAD-007E-8A6714AF8D4A}.Debug|x64.Build.0 = Debug|x64
		{024572EA-FECA-1BAD-007E-8A6714AF8D4A}.Release|Win32.ActiveCfg = Release|Win32
		{024572EA-FECA-1BAD-007E-8A6714AF8D4A}.Release|Win32.Build.0 = Release|Win32
		{024572EA-FECA-1BAD-007E-8A6714AF8D4A}.Release|x64.ActiveCfg = Release|x64
		{024572EA-FECA-1BAD-007E-8A6714AF8D4A}.Release|x64.Build.0 = Release|x64
		{1FA02F62-FECA-1BAD-007E-8A6714AF8D4A}.Debug|Win32.ActiveCfg = Debug|Win32
		{1FA02F62-FECA-1BAD-007E-8A6714AF8D4A}.Debug|Win32.Build.0 = Debug|Win32
		{1FA02F62-FECA-1BAD-007E-8A6714AF8D4A}.Debug|x64.ActiveCfg = Debug|x64
		{1FA02F62-FECA-1BAD-007E-8A6714AF8D4A}.Debug|x64.Build.0 = Debug|x64
		{1FA02F62-FECA-1BAD-007E-8A6714AF8D4A}.Release|Win32.ActiveCfg = Release|Win32
		{1FA02F62-FECA-1BAD-007E-8A6714AF8D4A}.Release|Win32.Build.0 = Release|Win32
		{1FA02F62-FECA-1BAD-007E-8A6714AF8D4A}.Release|x64.ActiveCfg = Release|x64
		{1FA02F62-FECA-1BAD-007E-8A6714AF8D4A}.Release|x64.Build.0 = Release|x64
		{15764CCB-FECA-1BAD-D619-746246D2B751}.Debug|Win32.ActiveCfg = Debug|Win32
		{15764CCB-FECA-1BAD-D619-746246D2B751}.Debug|Win32.Build.0 = Debug|Win32
		{15764CCB-FECA-1BAD-D619-746246D2B751}.Debug|x64.ActiveCfg = Debug|x64
		{15764CCB-FECA-1BAD-D619-746246D2B751}.Debug|x64.Build.0 = Debug|x64
		{15764CCB-FECA-1BAD-D619-746246D2B751}.Release|Win32.ActiveCfg = Release|Win32
		{15764CCB-FECA-1BAD-D619-746246D2B751}.Release|Win32.Build.0 = Release|Win32
		{15764CCB-FECA-1BAD-D619-746246D2B751}.Release|x64.ActiveCfg = Release|x64
		{15764CCB-FECA-1BAD-D619-746246D2B751}.Release|x64.Build.0 = Release|x64
		{14F7F435-FECA-1BAD-7781-8A63614AEF70}.Debug|Win32.ActiveCfg = Debug|Win32
		{14F7F435-FECA-1BAD-7781-8A63614AEF70}.Debug|Win32.Build.0 = Debug|Win32
		{14F7F435-FECA-1BAD-7781-8A63614AEF70}.Debug|x64.ActiveCfg = Debug|x64
		{14F7F435-FECA-1BAD-7781-8A63614AEF70}.Debug|x64.Build.0 = Debug|x64
		{14F7F435-FECA-1BAD-7781-8A63614AEF70}.Release|Win32.ActiveCfg = Release|Win32
		{14F7F435-FECA-1BAD-7781-8A63614AEF70}.Release|Win32.Build.0 = Release|Win32
		{14F7F435-FECA-1BAD-7781-8A63614AEF70}.Release|x64.ActiveCfg = Release|x64
		{14F7F435-FECA-1BAD-7781-8A63614AEF70}.Release|x64.Build.0 = Release|x64
	EndGlobalSection
	GlobalSection(SolutionProperties) = preSolution
		HideSolutionNode = FALSE
	EndGlobalSection
EndGlobal
