Microsoft Visual Studio Solution File, Format Version 8.00
#
# $Id: VC71WorkspaceCreator.pm 1456 2008-07-18 16:05:54Z elliott_c $
#
# This file was generated by MPC.  Any changes made directly to
# this file will be lost the next time it is generated.
#
# MPC Command:
# /export/anduriltmp/bczar/DOC_ROOT/stage-29650/ACE_wrappers/bin/mwc.pl -type vc71 -static -name_modifier "*_vc71_Static" -apply_project -exclude TAO/CIAO -recurse -hierarchy -relative ACE_ROOT=/export/anduriltmp/bczar/DOC_ROOT/stage-29650/ACE_wrappers -relative TAO_ROOT=/export/anduriltmp/bczar/DOC_ROOT/stage-29650/ACE_wrappers/TAO -relative CIAO_ROOT=/export/anduriltmp/bczar/DOC_ROOT/stage-29650/ACE_wrappers/TAO/CIAO
Project("{8BC9CEB8-8B4A-11D0-8D11-00A0C91BC942}") = "ACE_vc71_Static", "ACE_vc71_Static.vcproj", "{59F75AB5-FECA-1BAD-6757-8A6348D36148}"
	ProjectSection(ProjectDependencies) = postProject
	EndProjectSection
EndProject
Project("{8BC9CEB8-8B4A-11D0-8D11-00A0C91BC942}") = "ACE_ETCL_Parser_vc71_Static", "ETCL\ACE_ETCL_Parser_vc71_Static.vcproj", "{33F25744-FECA-1BAD-007E-8A6714AF8D4A}"
	ProjectSection(ProjectDependencies) = postProject
	EndProjectSection
EndProject
Project("{8BC9CEB8-8B4A-11D0-8D11-00A0C91BC942}") = "ACE_ETCL_vc71_Static", "ETCL\ACE_ETCL_vc71_Static.vcproj", "{EDA78FC5-FECA-1BAD-007E-8A6714AF8D4A}"
	ProjectSection(ProjectDependencies) = postProject
	EndProjectSection
EndProject
Project("{8BC9CEB8-8B4A-11D0-8D11-00A0C91BC942}") = "Monitor_Control_vc71_Static", "Monitor_Control\Monitor_Control_vc71_Static.vcproj", "{40C1B555-FECA-1BAD-D619-746246D2B751}"
	ProjectSection(ProjectDependencies) = postProject
	EndProjectSection
EndProject
Project("{8BC9CEB8-8B4A-11D0-8D11-00A0C91BC942}") = "QoS_vc71_Static", "QoS\QoS_vc71_Static.vcproj", "{58DA3AB5-FECA-1BAD-7781-8A63614AEF70}"
	ProjectSection(ProjectDependencies) = postProject
	EndProjectSection
EndProject
Global
	GlobalSection(SolutionConfiguration) = preSolution
		Debug = Debug
		Release = Release
	EndGlobalSection
	GlobalSection(ProjectConfiguration) = postSolution
		{59F75AB5-FECA-1BAD-6757-8A6348D36148}.Debug.ActiveCfg = Debug|Win32
		{59F75AB5-FECA-1BAD-6757-8A6348D36148}.Debug.Build.0 = Debug|Win32
		{59F75AB5-FECA-1BAD-6757-8A6348D36148}.Release.ActiveCfg = Release|Win32
		{59F75AB5-FECA-1BAD-6757-8A6348D36148}.Release.Build.0 = Release|Win32
		{33F25744-FECA-1BAD-007E-8A6714AF8D4A}.Debug.ActiveCfg = Debug|Win32
		{33F25744-FECA-1BAD-007E-8A6714AF8D4A}.Debug.Build.0 = Debug|Win32
		{33F25744-FECA-1BAD-007E-8A6714AF8D4A}.Release.ActiveCfg = Release|Win32
		{33F25744-FECA-1BAD-007E-8A6714AF8D4A}.Release.Build.0 = Release|Win32
		{EDA78FC5-FECA-1BAD-007E-8A6714AF8D4A}.Debug.ActiveCfg = Debug|Win32
		{EDA78FC5-FECA-1BAD-007E-8A6714AF8D4A}.Debug.Build.0 = Debug|Win32
		{EDA78FC5-FECA-1BAD-007E-8A6714AF8D4A}.Release.ActiveCfg = Release|Win32
		{EDA78FC5-FECA-1BAD-007E-8A6714AF8D4A}.Release.Build.0 = Release|Win32
		{40C1B555-FECA-1BAD-D619-746246D2B751}.Debug.ActiveCfg = Debug|Win32
		{40C1B555-FECA-1BAD-D619-746246D2B751}.Debug.Build.0 = Debug|Win32
		{40C1B555-FECA-1BAD-D619-746246D2B751}.Release.ActiveCfg = Release|Win32
		{40C1B555-FECA-1BAD-D619-746246D2B751}.Release.Build.0 = Release|Win32
		{58DA3AB5-FECA-1BAD-7781-8A63614AEF70}.Debug.ActiveCfg = Debug|Win32
		{58DA3AB5-FECA-1BAD-7781-8A63614AEF70}.Debug.Build.0 = Debug|Win32
		{58DA3AB5-FECA-1BAD-7781-8A63614AEF70}.Release.ActiveCfg = Release|Win32
		{58DA3AB5-FECA-1BAD-7781-8A63614AEF70}.Release.Build.0 = Release|Win32
	EndGlobalSection
	GlobalSection(ExtensibilityGlobals) = postSolution
	EndGlobalSection
	GlobalSection(ExtensibilityAddIns) = postSolution
	EndGlobalSection
EndGlobal
