Microsoft Visual Studio Solution File, Format Version 8.00
#
# $Id: VC71WorkspaceCreator.pm 1456 2008-07-18 16:05:54Z elliott_c $
#
# This file was generated by MPC.  Any changes made directly to
# this file will be lost the next time it is generated.
#
# MPC Command:
# /export/anduriltmp/bczar/DOC_ROOT/stage-29650/ACE_wrappers/bin/mwc.pl -type vc71 -recurse -hierarchy -relative ACE_ROOT=/export/anduriltmp/bczar/DOC_ROOT/stage-29650/ACE_wrappers -relative TAO_ROOT=/export/anduriltmp/bczar/DOC_ROOT/stage-29650/ACE_wrappers/TAO -relative CIAO_ROOT=/export/anduriltmp/bczar/DOC_ROOT/stage-29650/ACE_wrappers/TAO/CIAO -name_modifier "*_vc71"
Project("{8BC9CEB8-8B4A-11D0-8D11-00A0C91BC942}") = "ACE", "ACE_vc71.vcproj", "{7C74F49E-FECA-1BAD-6757-8A6348D36148}"
	ProjectSection(ProjectDependencies) = postProject
	EndProjectSection
EndProject
Project("{8BC9CEB8-8B4A-11D0-8D11-00A0C91BC942}") = "ACE_ETCL_Parser", "ETCL\ACE_ETCL_Parser_vc71.vcproj", "{DC242B88-FECA-1BAD-007E-8A6714AF8D4A}"
	ProjectSection(ProjectDependencies) = postProject
		{7C74F49E-FECA-1BAD-6757-8A6348D36148} = {7C74F49E-FECA-1BAD-6757-8A6348D36148}
		{3979A395-FECA-1BAD-007E-8A6714AF8D4A} = {3979A395-FECA-1BAD-007E-8A6714AF8D4A}
	EndProjectSection
EndProject
Project("{8BC9CEB8-8B4A-11D0-8D11-00A0C91BC942}") = "ACE_ETCL", "ETCL\ACE_ETCL_vc71.vcproj", "{3979A395-FECA-1BAD-007E-8A6714AF8D4A}"
	ProjectSection(ProjectDependencies) = postProject
		{7C74F49E-FECA-1BAD-6757-8A6348D36148} = {7C74F49E-FECA-1BAD-6757-8A6348D36148}
	EndProjectSection
EndProject
Project("{8BC9CEB8-8B4A-11D0-8D11-00A0C91BC942}") = "Monitor_Control", "Monitor_Control\Monitor_Control_vc71.vcproj", "{EF1A0A9F-FECA-1BAD-D619-746246D2B751}"
	ProjectSection(ProjectDependencies) = postProject
		{7C74F49E-FECA-1BAD-6757-8A6348D36148} = {7C74F49E-FECA-1BAD-6757-8A6348D36148}
		{3979A395-FECA-1BAD-007E-8A6714AF8D4A} = {3979A395-FECA-1BAD-007E-8A6714AF8D4A}
		{DC242B88-FECA-1BAD-007E-8A6714AF8D4A} = {DC242B88-FECA-1BAD-007E-8A6714AF8D4A}
	EndProjectSection
EndProject
Project("{8BC9CEB8-8B4A-11D0-8D11-00A0C91BC942}") = "QoS", "QoS\QoS_vc71.vcproj", "{6EA2F49E-FECA-1BAD-7781-8A63614AEF70}"
	ProjectSection(ProjectDependencies) = postProject
		{7C74F49E-FECA-1BAD-6757-8A6348D36148} = {7C74F49E-FECA-1BAD-6757-8A6348D36148}
	EndProjectSection
EndProject
Global
	GlobalSection(SolutionConfiguration) = preSolution
		Debug = Debug
		Release = Release
	EndGlobalSection
	GlobalSection(ProjectConfiguration) = postSolution
		{7C74F49E-FECA-1BAD-6757-8A6348D36148}.Debug.ActiveCfg = Debug|Win32
		{7C74F49E-FECA-1BAD-6757-8A6348D36148}.Debug.Build.0 = Debug|Win32
		{7C74F49E-FECA-1BAD-6757-8A6348D36148}.Release.ActiveCfg = Release|Win32
		{7C74F49E-FECA-1BAD-6757-8A6348D36148}.Release.Build.0 = Release|Win32
		{DC242B88-FECA-1BAD-007E-8A6714AF8D4A}.Debug.ActiveCfg = Debug|Win32
		{DC242B88-FECA-1BAD-007E-8A6714AF8D4A}.Debug.Build.0 = Debug|Win32
		{DC242B88-FECA-1BAD-007E-8A6714AF8D4A}.Release.ActiveCfg = Release|Win32
		{DC242B88-FECA-1BAD-007E-8A6714AF8D4A}.Release.Build.0 = Release|Win32
		{3979A395-FECA-1BAD-007E-8A6714AF8D4A}.Debug.ActiveCfg = Debug|Win32
		{3979A395-FECA-1BAD-007E-8A6714AF8D4A}.Debug.Build.0 = Debug|Win32
		{3979A395-FECA-1BAD-007E-8A6714AF8D4A}.Release.ActiveCfg = Release|Win32
		{3979A395-FECA-1BAD-007E-8A6714AF8D4A}.Release.Build.0 = Release|Win32
		{EF1A0A9F-FECA-1BAD-D619-746246D2B751}.Debug.ActiveCfg = Debug|Win32
		{EF1A0A9F-FECA-1BAD-D619-746246D2B751}.Debug.Build.0 = Debug|Win32
		{EF1A0A9F-FECA-1BAD-D619-746246D2B751}.Release.ActiveCfg = Release|Win32
		{EF1A0A9F-FECA-1BAD-D619-746246D2B751}.Release.Build.0 = Release|Win32
		{6EA2F49E-FECA-1BAD-7781-8A63614AEF70}.Debug.ActiveCfg = Debug|Win32
		{6EA2F49E-FECA-1BAD-7781-8A63614AEF70}.Debug.Build.0 = Debug|Win32
		{6EA2F49E-FECA-1BAD-7781-8A63614AEF70}.Release.ActiveCfg = Release|Win32
		{6EA2F49E-FECA-1BAD-7781-8A63614AEF70}.Release.Build.0 = Release|Win32
	EndGlobalSection
	GlobalSection(ExtensibilityGlobals) = postSolution
	EndGlobalSection
	GlobalSection(ExtensibilityAddIns) = postSolution
	EndGlobalSection
EndGlobal
